
Microsoft Visual Studio Solution File, Format Version 12.00
# Visual Studio 2013
VisualStudioVersion = 12.0.30501.0
MinimumVisualStudioVersion = 10.0.40219.1
Project("{FAE04EC0-301F-11D3-BF4B-00C04F79EFBC}") = "JP_lab2_03_2016", "JP_lab2_03_2016\JP_lab2_03_2016.csproj", "{7C724F97-5235-4CD5-A998-6FA93275B526}"
EndProject
Global
	GlobalSection(SolutionConfigurationPlatforms) = preSolution
		Debug|Any CPU = Debug|Any CPU
		Release|Any CPU = Release|Any CPU
	EndGlobalSection
	GlobalSection(ProjectConfigurationPlatforms) = postSolution
		{7C724F97-5235-4CD5-A998-6FA93275B526}.Debug|Any CPU.ActiveCfg = Debug|Any CPU
		{7C724F97-5235-4CD5-A998-6FA93275B526}.Debug|Any CPU.Build.0 = Debug|Any CPU
		{7C724F97-5235-4CD5-A998-6FA93275B526}.Release|Any CPU.ActiveCfg = Release|Any CPU
		{7C724F97-5235-4CD5-A998-6FA93275B526}.Release|Any CPU.Build.0 = Release|Any CPU
	EndGlobalSection
	GlobalSection(SolutionProperties) = preSolution
		HideSolutionNode = FALSE
	EndGlobalSection
EndGlobal
